
Microsoft Visual Studio Solution File, Format Version 12.00
# Visual Studio Version 16
VisualStudioVersion = 16.0.29806.167
MinimumVisualStudioVersion = 10.0.40219.1
Project("{FAE04EC0-301F-11D3-BF4B-00C04F79EFBC}") = "ComboBoxTest.UWP", "ComboBoxTest\ComboBoxTest.UWP\ComboBoxTest.UWP.csproj", "{A2DFA62B-9FBF-440A-9F1F-44EDB89B3A9A}"
EndProject
Project("{FAE04EC0-301F-11D3-BF4B-00C04F79EFBC}") = "ComboBoxTest.Android", "ComboBoxTest\ComboBoxTest.Android\ComboBoxTest.Android.csproj", "{A8408FE1-F084-40EC-97AF-C4D151BEC6AB}"
EndProject
Project("{FAE04EC0-301F-11D3-BF4B-00C04F79EFBC}") = "ComboBoxTest.iOS", "ComboBoxTest\ComboBoxTest.iOS\ComboBoxTest.iOS.csproj", "{6E361A50-6204-4DC5-921D-7078CD52F275}"
EndProject
Project("{FAE04EC0-301F-11D3-BF4B-00C04F79EFBC}") = "ComboBoxTest", "ComboBoxTest\ComboBoxTest\ComboBoxTest.csproj", "{35A7867E-FBA9-449E-9E4A-3982DB863ECE}"
EndProject
Global
	GlobalSection(SolutionConfigurationPlatforms) = preSolution
		Debug|Any CPU = Debug|Any CPU
		Debug|ARM = Debug|ARM
		Debug|iPhone = Debug|iPhone
		Debug|iPhoneSimulator = Debug|iPhoneSimulator
		Debug|x64 = Debug|x64
		Debug|x86 = Debug|x86
		Release|Any CPU = Release|Any CPU
		Release|ARM = Release|ARM
		Release|iPhone = Release|iPhone
		Release|iPhoneSimulator = Release|iPhoneSimulator
		Release|x64 = Release|x64
		Release|x86 = Release|x86
	EndGlobalSection
	GlobalSection(ProjectConfigurationPlatforms) = postSolution
		{A2DFA62B-9FBF-440A-9F1F-44EDB89B3A9A}.Debug|Any CPU.ActiveCfg = Debug|x86
		{A2DFA62B-9FBF-440A-9F1F-44EDB89B3A9A}.Debug|Any CPU.Build.0 = Debug|x86
		{A2DFA62B-9FBF-440A-9F1F-44EDB89B3A9A}.Debug|Any CPU.Deploy.0 = Debug|x86
		{A2DFA62B-9FBF-440A-9F1F-44EDB89B3A9A}.Debug|ARM.ActiveCfg = Debug|ARM
		{A2DFA62B-9FBF-440A-9F1F-44EDB89B3A9A}.Debug|ARM.Build.0 = Debug|ARM
		{A2DFA62B-9FBF-440A-9F1F-44EDB89B3A9A}.Debug|ARM.Deploy.0 = Debug|ARM
		{A2DFA62B-9FBF-440A-9F1F-44EDB89B3A9A}.Debug|iPhone.ActiveCfg = Debug|x86
		{A2DFA62B-9FBF-440A-9F1F-44EDB89B3A9A}.Debug|iPhone.Build.0 = Debug|x86
		{A2DFA62B-9FBF-440A-9F1F-44EDB89B3A9A}.Debug|iPhone.Deploy.0 = Debug|x86
		{A2DFA62B-9FBF-440A-9F1F-44EDB89B3A9A}.Debug|iPhoneSimulator.ActiveCfg = Debug|x86
		{A2DFA62B-9FBF-440A-9F1F-44EDB89B3A9A}.Debug|iPhoneSimulator.Build.0 = Debug|x86
		{A2DFA62B-9FBF-440A-9F1F-44EDB89B3A9A}.Debug|iPhoneSimulator.Deploy.0 = Debug|x86
		{A2DFA62B-9FBF-440A-9F1F-44EDB89B3A9A}.Debug|x64.ActiveCfg = Debug|x64
		{A2DFA62B-9FBF-440A-9F1F-44EDB89B3A9A}.Debug|x64.Build.0 = Debug|x64
		{A2DFA62B-9FBF-440A-9F1F-44EDB89B3A9A}.Debug|x64.Deploy.0 = Debug|x64
		{A2DFA62B-9FBF-440A-9F1F-44EDB89B3A9A}.Debug|x86.ActiveCfg = Debug|x86
		{A2DFA62B-9FBF-440A-9F1F-44EDB89B3A9A}.Debug|x86.Build.0 = Debug|x86
		{A2DFA62B-9FBF-440A-9F1F-44EDB89B3A9A}.Debug|x86.Deploy.0 = Debug|x86
		{A2DFA62B-9FBF-440A-9F1F-44EDB89B3A9A}.Release|Any CPU.ActiveCfg = Release|x86
		{A2DFA62B-9FBF-440A-9F1F-44EDB89B3A9A}.Release|Any CPU.Build.0 = Release|x86
		{A2DFA62B-9FBF-440A-9F1F-44EDB89B3A9A}.Release|Any CPU.Deploy.0 = Release|x86
		{A2DFA62B-9FBF-440A-9F1F-44EDB89B3A9A}.Release|ARM.ActiveCfg = Release|ARM
		{A2DFA62B-9FBF-440A-9F1F-44EDB89B3A9A}.Release|ARM.Build.0 = Release|ARM
		{A2DFA62B-9FBF-440A-9F1F-44EDB89B3A9A}.Release|ARM.Deploy.0 = Release|ARM
		{A2DFA62B-9FBF-440A-9F1F-44EDB89B3A9A}.Release|iPhone.ActiveCfg = Release|x86
		{A2DFA62B-9FBF-440A-9F1F-44EDB89B3A9A}.Release|iPhone.Build.0 = Release|x86
		{A2DFA62B-9FBF-440A-9F1F-44EDB89B3A9A}.Release|iPhone.Deploy.0 = Release|x86
		{A2DFA62B-9FBF-440A-9F1F-44EDB89B3A9A}.Release|iPhoneSimulator.ActiveCfg = Release|x86
		{A2DFA62B-9FBF-440A-9F1F-44EDB89B3A9A}.Release|iPhoneSimulator.Build.0 = Release|x86
		{A2DFA62B-9FBF-440A-9F1F-44EDB89B3A9A}.Release|iPhoneSimulator.Deploy.0 = Release|x86
		{A2DFA62B-9FBF-440A-9F1F-44EDB89B3A9A}.Release|x64.ActiveCfg = Release|x64
		{A2DFA62B-9FBF-440A-9F1F-44EDB89B3A9A}.Release|x64.Build.0 = Release|x64
		{A2DFA62B-9FBF-440A-9F1F-44EDB89B3A9A}.Release|x64.Deploy.0 = Release|x64
		{A2DFA62B-9FBF-440A-9F1F-44EDB89B3A9A}.Release|x86.ActiveCfg = Release|x86
		{A2DFA62B-9FBF-440A-9F1F-44EDB89B3A9A}.Release|x86.Build.0 = Release|x86
		{A2DFA62B-9FBF-440A-9F1F-44EDB89B3A9A}.Release|x86.Deploy.0 = Release|x86
		{A8408FE1-F084-40EC-97AF-C4D151BEC6AB}.Debug|Any CPU.ActiveCfg = Debug|Any CPU
		{A8408FE1-F084-40EC-97AF-C4D151BEC6AB}.Debug|Any CPU.Build.0 = Debug|Any CPU
		{A8408FE1-F084-40EC-97AF-C4D151BEC6AB}.Debug|Any CPU.Deploy.0 = Debug|Any CPU
		{A8408FE1-F084-40EC-97AF-C4D151BEC6AB}.Debug|ARM.ActiveCfg = Debug|Any CPU
		{A8408FE1-F084-40EC-97AF-C4D151BEC6AB}.Debug|ARM.Build.0 = Debug|Any CPU
		{A8408FE1-F084-40EC-97AF-C4D151BEC6AB}.Debug|ARM.Deploy.0 = Debug|Any CPU
		{A8408FE1-F084-40EC-97AF-C4D151BEC6AB}.Debug|iPhone.ActiveCfg = Debug|Any CPU
		{A8408FE1-F084-40EC-97AF-C4D151BEC6AB}.Debug|iPhone.Build.0 = Debug|Any CPU
		{A8408FE1-F084-40EC-97AF-C4D151BEC6AB}.Debug|iPhone.Deploy.0 = Debug|Any CPU
		{A8408FE1-F084-40EC-97AF-C4D151BEC6AB}.Debug|iPhoneSimulator.ActiveCfg = Debug|Any CPU
		{A8408FE1-F084-40EC-97AF-C4D151BEC6AB}.Debug|iPhoneSimulator.Build.0 = Debug|Any CPU
		{A8408FE1-F084-40EC-97AF-C4D151BEC6AB}.Debug|iPhoneSimulator.Deploy.0 = Debug|Any CPU
		{A8408FE1-F084-40EC-97AF-C4D151BEC6AB}.Debug|x64.ActiveCfg = Debug|Any CPU
		{A8408FE1-F084-40EC-97AF-C4D151BEC6AB}.Debug|x64.Build.0 = Debug|Any CPU
		{A8408FE1-F084-40EC-97AF-C4D151BEC6AB}.Debug|x64.Deploy.0 = Debug|Any CPU
		{A8408FE1-F084-40EC-97AF-C4D151BEC6AB}.Debug|x86.ActiveCfg = Debug|Any CPU
		{A8408FE1-F084-40EC-97AF-C4D151BEC6AB}.Debug|x86.Build.0 = Debug|Any CPU
		{A8408FE1-F084-40EC-97AF-C4D151BEC6AB}.Debug|x86.Deploy.0 = Debug|Any CPU
		{A8408FE1-F084-40EC-97AF-C4D151BEC6AB}.Release|Any CPU.ActiveCfg = Release|Any CPU
		{A8408FE1-F084-40EC-97AF-C4D151BEC6AB}.Release|Any CPU.Build.0 = Release|Any CPU
		{A8408FE1-F084-40EC-97AF-C4D151BEC6AB}.Release|Any CPU.Deploy.0 = Release|Any CPU
		{A8408FE1-F084-40EC-97AF-C4D151BEC6AB}.Release|ARM.ActiveCfg = Release|Any CPU
		{A8408FE1-F084-40EC-97AF-C4D151BEC6AB}.Release|ARM.Build.0 = Release|Any CPU
		{A8408FE1-F084-40EC-97AF-C4D151BEC6AB}.Release|ARM.Deploy.0 = Release|Any CPU
		{A8408FE1-F084-40EC-97AF-C4D151BEC6AB}.Release|iPhone.ActiveCfg = Release|Any CPU
		{A8408FE1-F084-40EC-97AF-C4D151BEC6AB}.Release|iPhone.Build.0 = Release|Any CPU
		{A8408FE1-F084-40EC-97AF-C4D151BEC6AB}.Release|iPhone.Deploy.0 = Release|Any CPU
		{A8408FE1-F084-40EC-97AF-C4D151BEC6AB}.Release|iPhoneSimulator.ActiveCfg = Release|Any CPU
		{A8408FE1-F084-40EC-97AF-C4D151BEC6AB}.Release|iPhoneSimulator.Build.0 = Release|Any CPU
		{A8408FE1-F084-40EC-97AF-C4D151BEC6AB}.Release|iPhoneSimulator.Deploy.0 = Release|Any CPU
		{A8408FE1-F084-40EC-97AF-C4D151BEC6AB}.Release|x64.ActiveCfg = Release|Any CPU
		{A8408FE1-F084-40EC-97AF-C4D151BEC6AB}.Release|x64.Build.0 = Release|Any CPU
		{A8408FE1-F084-40EC-97AF-C4D151BEC6AB}.Release|x64.Deploy.0 = Release|Any CPU
		{A8408FE1-F084-40EC-97AF-C4D151BEC6AB}.Release|x86.ActiveCfg = Release|Any CPU
		{A8408FE1-F084-40EC-97AF-C4D151BEC6AB}.Release|x86.Build.0 = Release|Any CPU
		{A8408FE1-F084-40EC-97AF-C4D151BEC6AB}.Release|x86.Deploy.0 = Release|Any CPU
		{6E361A50-6204-4DC5-921D-7078CD52F275}.Debug|Any CPU.ActiveCfg = Debug|iPhone
		{6E361A50-6204-4DC5-921D-7078CD52F275}.Debug|Any CPU.Build.0 = Debug|iPhone
		{6E361A50-6204-4DC5-921D-7078CD52F275}.Debug|Any CPU.Deploy.0 = Debug|iPhone
		{6E361A50-6204-4DC5-921D-7078CD52F275}.Debug|ARM.ActiveCfg = Debug|iPhoneSimulator
		{6E361A50-6204-4DC5-921D-7078CD52F275}.Debug|ARM.Build.0 = Debug|iPhoneSimulator
		{6E361A50-6204-4DC5-921D-7078CD52F275}.Debug|ARM.Deploy.0 = Debug|iPhoneSimulator
		{6E361A50-6204-4DC5-921D-7078CD52F275}.Debug|iPhone.ActiveCfg = Debug|iPhone
		{6E361A50-6204-4DC5-921D-7078CD52F275}.Debug|iPhone.Build.0 = Debug|iPhone
		{6E361A50-6204-4DC5-921D-7078CD52F275}.Debug|iPhone.Deploy.0 = Debug|iPhone
		{6E361A50-6204-4DC5-921D-7078CD52F275}.Debug|iPhoneSimulator.ActiveCfg = Debug|iPhoneSimulator
		{6E361A50-6204-4DC5-921D-7078CD52F275}.Debug|iPhoneSimulator.Build.0 = Debug|iPhoneSimulator
		{6E361A50-6204-4DC5-921D-7078CD52F275}.Debug|iPhoneSimulator.Deploy.0 = Debug|iPhoneSimulator
		{6E361A50-6204-4DC5-921D-7078CD52F275}.Debug|x64.ActiveCfg = Debug|iPhone
		{6E361A50-6204-4DC5-921D-7078CD52F275}.Debug|x64.Build.0 = Debug|iPhone
		{6E361A50-6204-4DC5-921D-7078CD52F275}.Debug|x64.Deploy.0 = Debug|iPhone
		{6E361A50-6204-4DC5-921D-7078CD52F275}.Debug|x86.ActiveCfg = Debug|iPhone
		{6E361A50-6204-4DC5-921D-7078CD52F275}.Debug|x86.Build.0 = Debug|iPhone
		{6E361A50-6204-4DC5-921D-7078CD52F275}.Debug|x86.Deploy.0 = Debug|iPhone
		{6E361A50-6204-4DC5-921D-7078CD52F275}.Release|Any CPU.ActiveCfg = Release|iPhone
		{6E361A50-6204-4DC5-921D-7078CD52F275}.Release|Any CPU.Build.0 = Release|iPhone
		{6E361A50-6204-4DC5-921D-7078CD52F275}.Release|Any CPU.Deploy.0 = Release|iPhone
		{6E361A50-6204-4DC5-921D-7078CD52F275}.Release|ARM.ActiveCfg = Release|iPhone
		{6E361A50-6204-4DC5-921D-7078CD52F275}.Release|ARM.Build.0 = Release|iPhone
		{6E361A50-6204-4DC5-921D-7078CD52F275}.Release|ARM.Deploy.0 = Release|iPhone
		{6E361A50-6204-4DC5-921D-7078CD52F275}.Release|iPhone.ActiveCfg = Release|iPhone
		{6E361A50-6204-4DC5-921D-7078CD52F275}.Release|iPhone.Build.0 = Release|iPhone
		{6E361A50-6204-4DC5-921D-7078CD52F275}.Release|iPhone.Deploy.0 = Release|iPhone
		{6E361A50-6204-4DC5-921D-7078CD52F275}.Release|iPhoneSimulator.ActiveCfg = Release|iPhoneSimulator
		{6E361A50-6204-4DC5-921D-7078CD52F275}.Release|iPhoneSimulator.Build.0 = Release|iPhoneSimulator
		{6E361A50-6204-4DC5-921D-7078CD52F275}.Release|iPhoneSimulator.Deploy.0 = Release|iPhoneSimulator
		{6E361A50-6204-4DC5-921D-7078CD52F275}.Release|x64.ActiveCfg = Release|iPhone
		{6E361A50-6204-4DC5-921D-7078CD52F275}.Release|x64.Build.0 = Release|iPhone
		{6E361A50-6204-4DC5-921D-7078CD52F275}.Release|x64.Deploy.0 = Release|iPhone
		{6E361A50-6204-4DC5-921D-7078CD52F275}.Release|x86.ActiveCfg = Release|iPhone
		{6E361A50-6204-4DC5-921D-7078CD52F275}.Release|x86.Build.0 = Release|iPhone
		{6E361A50-6204-4DC5-921D-7078CD52F275}.Release|x86.Deploy.0 = Release|iPhone
		{35A7867E-FBA9-449E-9E4A-3982DB863ECE}.Debug|Any CPU.ActiveCfg = Debug|Any CPU
		{35A7867E-FBA9-449E-9E4A-3982DB863ECE}.Debug|Any CPU.Build.0 = Debug|Any CPU
		{35A7867E-FBA9-449E-9E4A-3982DB863ECE}.Debug|Any CPU.Deploy.0 = Debug|Any CPU
		{35A7867E-FBA9-449E-9E4A-3982DB863ECE}.Debug|ARM.ActiveCfg = Debug|Any CPU
		{35A7867E-FBA9-449E-9E4A-3982DB863ECE}.Debug|ARM.Build.0 = Debug|Any CPU
		{35A7867E-FBA9-449E-9E4A-3982DB863ECE}.Debug|ARM.Deploy.0 = Debug|Any CPU
		{35A7867E-FBA9-449E-9E4A-3982DB863ECE}.Debug|iPhone.ActiveCfg = Debug|Any CPU
		{35A7867E-FBA9-449E-9E4A-3982DB863ECE}.Debug|iPhone.Build.0 = Debug|Any CPU
		{35A7867E-FBA9-449E-9E4A-3982DB863ECE}.Debug|iPhone.Deploy.0 = Debug|Any CPU
		{35A7867E-FBA9-449E-9E4A-3982DB863ECE}.Debug|iPhoneSimulator.ActiveCfg = Debug|Any CPU
		{35A7867E-FBA9-449E-9E4A-3982DB863ECE}.Debug|iPhoneSimulator.Build.0 = Debug|Any CPU
		{35A7867E-FBA9-449E-9E4A-3982DB863ECE}.Debug|iPhoneSimulator.Deploy.0 = Debug|Any CPU
		{35A7867E-FBA9-449E-9E4A-3982DB863ECE}.Debug|x64.ActiveCfg = Debug|Any CPU
		{35A7867E-FBA9-449E-9E4A-3982DB863ECE}.Debug|x64.Build.0 = Debug|Any CPU
		{35A7867E-FBA9-449E-9E4A-3982DB863ECE}.Debug|x64.Deploy.0 = Debug|Any CPU
		{35A7867E-FBA9-449E-9E4A-3982DB863ECE}.Debug|x86.ActiveCfg = Debug|Any CPU
		{35A7867E-FBA9-449E-9E4A-3982DB863ECE}.Debug|x86.Build.0 = Debug|Any CPU
		{35A7867E-FBA9-449E-9E4A-3982DB863ECE}.Debug|x86.Deploy.0 = Debug|Any CPU
		{35A7867E-FBA9-449E-9E4A-3982DB863ECE}.Release|Any CPU.ActiveCfg = Release|Any CPU
		{35A7867E-FBA9-449E-9E4A-3982DB863ECE}.Release|Any CPU.Build.0 = Release|Any CPU
		{35A7867E-FBA9-449E-9E4A-3982DB863ECE}.Release|Any CPU.Deploy.0 = Release|Any CPU
		{35A7867E-FBA9-449E-9E4A-3982DB863ECE}.Release|ARM.ActiveCfg = Release|Any CPU
		{35A7867E-FBA9-449E-9E4A-3982DB863ECE}.Release|ARM.Build.0 = Release|Any CPU
		{35A7867E-FBA9-449E-9E4A-3982DB863ECE}.Release|ARM.Deploy.0 = Release|Any CPU
		{35A7867E-FBA9-449E-9E4A-3982DB863ECE}.Release|iPhone.ActiveCfg = Release|Any CPU
		{35A7867E-FBA9-449E-9E4A-3982DB863ECE}.Release|iPhone.Build.0 = Release|Any CPU
		{35A7867E-FBA9-449E-9E4A-3982DB863ECE}.Release|iPhone.Deploy.0 = Release|Any CPU
		{35A7867E-FBA9-449E-9E4A-3982DB863ECE}.Release|iPhoneSimulator.ActiveCfg = Release|Any CPU
		{35A7867E-FBA9-449E-9E4A-3982DB863ECE}.Release|iPhoneSimulator.Build.0 = Release|Any CPU
		{35A7867E-FBA9-449E-9E4A-3982DB863ECE}.Release|iPhoneSimulator.Deploy.0 = Release|Any CPU
		{35A7867E-FBA9-449E-9E4A-3982DB863ECE}.Release|x64.ActiveCfg = Release|Any CPU
		{35A7867E-FBA9-449E-9E4A-3982DB863ECE}.Release|x64.Build.0 = Release|Any CPU
		{35A7867E-FBA9-449E-9E4A-3982DB863ECE}.Release|x64.Deploy.0 = Release|Any CPU
		{35A7867E-FBA9-449E-9E4A-3982DB863ECE}.Release|x86.ActiveCfg = Release|Any CPU
		{35A7867E-FBA9-449E-9E4A-3982DB863ECE}.Release|x86.Build.0 = Release|Any CPU
		{35A7867E-FBA9-449E-9E4A-3982DB863ECE}.Release|x86.Deploy.0 = Release|Any CPU
	EndGlobalSection
	GlobalSection(SolutionProperties) = preSolution
		HideSolutionNode = FALSE
	EndGlobalSection
	GlobalSection(ExtensibilityGlobals) = postSolution
		SolutionGuid = {7FEC6277-4661-4D4C-8B73-036FCBFAE454}
	EndGlobalSection
EndGlobal
